
Microsoft Visual Studio Solution File, Format Version 12.00
# Visual Studio Version 17
VisualStudioVersion = 17.9.34701.34
MinimumVisualStudioVersion = 10.0.40219.1
Project("{9A19103F-16F7-4668-BE54-9A1E7A4F7556}") = "Evolutime", "Evolutime\Evolutime.csproj", "{C086E815-C468-49EE-AB2C-FC14B3A54120}"
EndProject
Global
	GlobalSection(SolutionConfigurationPlatforms) = preSolution
		Debug|Any CPU = Debug|Any CPU
		Release|Any CPU = Release|Any CPU
	EndGlobalSection
	GlobalSection(ProjectConfigurationPlatforms) = postSolution
		{C086E815-C468-49EE-AB2C-FC14B3A54120}.Debug|Any CPU.ActiveCfg = Debug|Any CPU
		{C086E815-C468-49EE-AB2C-FC14B3A54120}.Debug|Any CPU.Build.0 = Debug|Any CPU
		{C086E815-C468-49EE-AB2C-FC14B3A54120}.Release|Any CPU.ActiveCfg = Release|Any CPU
		{C086E815-C468-49EE-AB2C-FC14B3A54120}.Release|Any CPU.Build.0 = Release|Any CPU
	EndGlobalSection
	GlobalSection(SolutionProperties) = preSolution
		HideSolutionNode = FALSE
	EndGlobalSection
	GlobalSection(ExtensibilityGlobals) = postSolution
		SolutionGuid = {69F714CD-C4DD-4A2E-989D-235FD9FA6987}
	EndGlobalSection
EndGlobal
